
Microsoft Visual Studio Solution File, Format Version 12.00
# Visual Studio Version 16
VisualStudioVersion = 16.0.29806.167
MinimumVisualStudioVersion = 15.0.26124.0
Project("{9A19103F-16F7-4668-BE54-9A1E7A4F7556}") = "Core.API", "Core.API\Core.API.csproj", "{778E8A5C-9635-413A-9778-F2F1E3B060D3}"
	ProjectSection(ProjectDependencies) = postProject
		{6A988A26-38A3-4D40-99E5-D5FA0110A59E} = {6A988A26-38A3-4D40-99E5-D5FA0110A59E}
	EndProjectSection
EndProject
Project("{9A19103F-16F7-4668-BE54-9A1E7A4F7556}") = "Core.Application", "Core.Application\Core.Application.csproj", "{E51CF8F5-F855-48C9-805B-3ED2A01F51C0}"
	ProjectSection(ProjectDependencies) = postProject
		{91E9BDFA-65C1-457E-B752-40194888BB98} = {91E9BDFA-65C1-457E-B752-40194888BB98}
	EndProjectSection
EndProject
Project("{9A19103F-16F7-4668-BE54-9A1E7A4F7556}") = "Core.Domain", "Core.Domain\Core.Domain.csproj", "{6A988A26-38A3-4D40-99E5-D5FA0110A59E}"
EndProject
Project("{9A19103F-16F7-4668-BE54-9A1E7A4F7556}") = "Core.Infrastructure", "Core.Infrastructure\Core.Infrastructure.csproj", "{91E9BDFA-65C1-457E-B752-40194888BB98}"
	ProjectSection(ProjectDependencies) = postProject
		{6A988A26-38A3-4D40-99E5-D5FA0110A59E} = {6A988A26-38A3-4D40-99E5-D5FA0110A59E}
	EndProjectSection
EndProject
Global
	GlobalSection(SolutionConfigurationPlatforms) = preSolution
		Debug|Any CPU = Debug|Any CPU
		Debug|x64 = Debug|x64
		Debug|x86 = Debug|x86
		Release|Any CPU = Release|Any CPU
		Release|x64 = Release|x64
		Release|x86 = Release|x86
	EndGlobalSection
	GlobalSection(ProjectConfigurationPlatforms) = postSolution
		{778E8A5C-9635-413A-9778-F2F1E3B060D3}.Debug|Any CPU.ActiveCfg = Debug|Any CPU
		{778E8A5C-9635-413A-9778-F2F1E3B060D3}.Debug|Any CPU.Build.0 = Debug|Any CPU
		{778E8A5C-9635-413A-9778-F2F1E3B060D3}.Debug|x64.ActiveCfg = Debug|Any CPU
		{778E8A5C-9635-413A-9778-F2F1E3B060D3}.Debug|x64.Build.0 = Debug|Any CPU
		{778E8A5C-9635-413A-9778-F2F1E3B060D3}.Debug|x86.ActiveCfg = Debug|Any CPU
		{778E8A5C-9635-413A-9778-F2F1E3B060D3}.Debug|x86.Build.0 = Debug|Any CPU
		{778E8A5C-9635-413A-9778-F2F1E3B060D3}.Release|Any CPU.ActiveCfg = Release|Any CPU
		{778E8A5C-9635-413A-9778-F2F1E3B060D3}.Release|Any CPU.Build.0 = Release|Any CPU
		{778E8A5C-9635-413A-9778-F2F1E3B060D3}.Release|x64.ActiveCfg = Release|Any CPU
		{778E8A5C-9635-413A-9778-F2F1E3B060D3}.Release|x64.Build.0 = Release|Any CPU
		{778E8A5C-9635-413A-9778-F2F1E3B060D3}.Release|x86.ActiveCfg = Release|Any CPU
		{778E8A5C-9635-413A-9778-F2F1E3B060D3}.Release|x86.Build.0 = Release|Any CPU
		{E51CF8F5-F855-48C9-805B-3ED2A01F51C0}.Debug|Any CPU.ActiveCfg = Debug|Any CPU
		{E51CF8F5-F855-48C9-805B-3ED2A01F51C0}.Debug|Any CPU.Build.0 = Debug|Any CPU
		{E51CF8F5-F855-48C9-805B-3ED2A01F51C0}.Debug|x64.ActiveCfg = Debug|Any CPU
		{E51CF8F5-F855-48C9-805B-3ED2A01F51C0}.Debug|x64.Build.0 = Debug|Any CPU
		{E51CF8F5-F855-48C9-805B-3ED2A01F51C0}.Debug|x86.ActiveCfg = Debug|Any CPU
		{E51CF8F5-F855-48C9-805B-3ED2A01F51C0}.Debug|x86.Build.0 = Debug|Any CPU
		{E51CF8F5-F855-48C9-805B-3ED2A01F51C0}.Release|Any CPU.ActiveCfg = Release|Any CPU
		{E51CF8F5-F855-48C9-805B-3ED2A01F51C0}.Release|Any CPU.Build.0 = Release|Any CPU
		{E51CF8F5-F855-48C9-805B-3ED2A01F51C0}.Release|x64.ActiveCfg = Release|Any CPU
		{E51CF8F5-F855-48C9-805B-3ED2A01F51C0}.Release|x64.Build.0 = Release|Any CPU
		{E51CF8F5-F855-48C9-805B-3ED2A01F51C0}.Release|x86.ActiveCfg = Release|Any CPU
		{E51CF8F5-F855-48C9-805B-3ED2A01F51C0}.Release|x86.Build.0 = Release|Any CPU
		{6A988A26-38A3-4D40-99E5-D5FA0110A59E}.Debug|Any CPU.ActiveCfg = Debug|Any CPU
		{6A988A26-38A3-4D40-99E5-D5FA0110A59E}.Debug|Any CPU.Build.0 = Debug|Any CPU
		{6A988A26-38A3-4D40-99E5-D5FA0110A59E}.Debug|x64.ActiveCfg = Debug|Any CPU
		{6A988A26-38A3-4D40-99E5-D5FA0110A59E}.Debug|x64.Build.0 = Debug|Any CPU
		{6A988A26-38A3-4D40-99E5-D5FA0110A59E}.Debug|x86.ActiveCfg = Debug|Any CPU
		{6A988A26-38A3-4D40-99E5-D5FA0110A59E}.Debug|x86.Build.0 = Debug|Any CPU
		{6A988A26-38A3-4D40-99E5-D5FA0110A59E}.Release|Any CPU.ActiveCfg = Release|Any CPU
		{6A988A26-38A3-4D40-99E5-D5FA0110A59E}.Release|Any CPU.Build.0 = Release|Any CPU
		{6A988A26-38A3-4D40-99E5-D5FA0110A59E}.Release|x64.ActiveCfg = Release|Any CPU
		{6A988A26-38A3-4D40-99E5-D5FA0110A59E}.Release|x64.Build.0 = Release|Any CPU
		{6A988A26-38A3-4D40-99E5-D5FA0110A59E}.Release|x86.ActiveCfg = Release|Any CPU
		{6A988A26-38A3-4D40-99E5-D5FA0110A59E}.Release|x86.Build.0 = Release|Any CPU
		{91E9BDFA-65C1-457E-B752-40194888BB98}.Debug|Any CPU.ActiveCfg = Debug|Any CPU
		{91E9BDFA-65C1-457E-B752-40194888BB98}.Debug|Any CPU.Build.0 = Debug|Any CPU
		{91E9BDFA-65C1-457E-B752-40194888BB98}.Debug|x64.ActiveCfg = Debug|Any CPU
		{91E9BDFA-65C1-457E-B752-40194888BB98}.Debug|x64.Build.0 = Debug|Any CPU
		{91E9BDFA-65C1-457E-B752-40194888BB98}.Debug|x86.ActiveCfg = Debug|Any CPU
		{91E9BDFA-65C1-457E-B752-40194888BB98}.Debug|x86.Build.0 = Debug|Any CPU
		{91E9BDFA-65C1-457E-B752-40194888BB98}.Release|Any CPU.ActiveCfg = Release|Any CPU
		{91E9BDFA-65C1-457E-B752-40194888BB98}.Release|Any CPU.Build.0 = Release|Any CPU
		{91E9BDFA-65C1-457E-B752-40194888BB98}.Release|x64.ActiveCfg = Release|Any CPU
		{91E9BDFA-65C1-457E-B752-40194888BB98}.Release|x64.Build.0 = Release|Any CPU
		{91E9BDFA-65C1-457E-B752-40194888BB98}.Release|x86.ActiveCfg = Release|Any CPU
		{91E9BDFA-65C1-457E-B752-40194888BB98}.Release|x86.Build.0 = Release|Any CPU
	EndGlobalSection
	GlobalSection(SolutionProperties) = preSolution
		HideSolutionNode = FALSE
	EndGlobalSection
	GlobalSection(ExtensibilityGlobals) = postSolution
		SolutionGuid = {414BFD15-AAB6-4772-A04D-3E9DC08EA2A8}
	EndGlobalSection
EndGlobal
